
Microsoft Visual Studio Solution File, Format Version 11.00
# Visual Studio 2010
Project("{FAE04EC0-301F-11D3-BF4B-00C04F79EFBC}") = "monodroid-fragment-bootstrapper", "monodroid-fragment-bootstrapper\monodroid-fragment-bootstrapper.csproj", "{6A23100B-C31A-40B4-BD49-0F69079AED93}"
EndProject
Global
	GlobalSection(SolutionConfigurationPlatforms) = preSolution
		Debug|Any CPU = Debug|Any CPU
		Release|Any CPU = Release|Any CPU
	EndGlobalSection
	GlobalSection(ProjectConfigurationPlatforms) = postSolution
		{6A23100B-C31A-40B4-BD49-0F69079AED93}.Debug|Any CPU.ActiveCfg = Debug|Any CPU
		{6A23100B-C31A-40B4-BD49-0F69079AED93}.Debug|Any CPU.Build.0 = Debug|Any CPU
		{6A23100B-C31A-40B4-BD49-0F69079AED93}.Release|Any CPU.ActiveCfg = Release|Any CPU
		{6A23100B-C31A-40B4-BD49-0F69079AED93}.Release|Any CPU.Build.0 = Release|Any CPU
	EndGlobalSection
	GlobalSection(MonoDevelopProperties) = preSolution
		StartupItem = monodroid-fragment-bootstrapper\monodroid-fragment-bootstrapper.csproj
	EndGlobalSection
EndGlobal
